
Microsoft Visual Studio Solution File, Format Version 12.00
# Visual Studio Version 17
VisualStudioVersion = 17.5.002.0
MinimumVisualStudioVersion = 10.0.40219.1
Project("{2150E333-8FDC-42A3-9474-1A3956D46DE8}") = "cs11dotnet7", "cs11dotnet7", "{7B661781-3BE4-40A4-A0FE-59230F3FFD86}"
EndProject
Project("{2150E333-8FDC-42A3-9474-1A3956D46DE8}") = "Chapter01-vscode", "Chapter01-vscode", "{74E14C24-185D-4612-B52E-6FD236420581}"
EndProject
Project("{9A19103F-16F7-4668-BE54-9A1E7A4F7556}") = "HelloCS", "cs11dotnet7\Chapter01-vscode\HelloCS\HelloCS.csproj", "{FD366F2D-6292-4623-96B9-6AAA874EEB8A}"
EndProject
Global
	GlobalSection(SolutionConfigurationPlatforms) = preSolution
		Debug|Any CPU = Debug|Any CPU
		Release|Any CPU = Release|Any CPU
	EndGlobalSection
	GlobalSection(ProjectConfigurationPlatforms) = postSolution
		{FD366F2D-6292-4623-96B9-6AAA874EEB8A}.Debug|Any CPU.ActiveCfg = Debug|Any CPU
		{FD366F2D-6292-4623-96B9-6AAA874EEB8A}.Debug|Any CPU.Build.0 = Debug|Any CPU
		{FD366F2D-6292-4623-96B9-6AAA874EEB8A}.Release|Any CPU.ActiveCfg = Release|Any CPU
		{FD366F2D-6292-4623-96B9-6AAA874EEB8A}.Release|Any CPU.Build.0 = Release|Any CPU
	EndGlobalSection
	GlobalSection(SolutionProperties) = preSolution
		HideSolutionNode = FALSE
	EndGlobalSection
	GlobalSection(NestedProjects) = preSolution
		{74E14C24-185D-4612-B52E-6FD236420581} = {7B661781-3BE4-40A4-A0FE-59230F3FFD86}
		{FD366F2D-6292-4623-96B9-6AAA874EEB8A} = {74E14C24-185D-4612-B52E-6FD236420581}
	EndGlobalSection
	GlobalSection(ExtensibilityGlobals) = postSolution
		SolutionGuid = {DE5A2483-AED1-4B2B-B9B2-90D90C7AF9DD}
	EndGlobalSection
EndGlobal
